// !$*UTF8*$!
{
	archiveVersion = 1;
	classes = {
	};
	objectVersion = 56;
	objects = {

/* Begin PBXBuildFile section */
		AE190AFB2B22700D007B51E8 /* NotificationsRow.swift in Sources */ = {isa = PBXBuildFile; fileRef = AE190AFA2B22700D007B51E8 /* NotificationsRow.swift */; };
		AE190AFD2B22882E007B51E8 /* LiteModeRow.swift in Sources */ = {isa = PBXBuildFile; fileRef = AE190AFC2B22882E007B51E8 /* LiteModeRow.swift */; };
		AE6771A92B07DC9000AE5D13 /* Package.swift in Sources */ = {isa = PBXBuildFile; fileRef = AE6771A82B07DC9000AE5D13 /* Package.swift */; };
		AE6771AB2B07DD8500AE5D13 /* PackageRow.swift in Sources */ = {isa = PBXBuildFile; fileRef = AE6771AA2B07DD8500AE5D13 /* PackageRow.swift */; };
		AE6771AD2B07EBCF00AE5D13 /* FAQ.swift in Sources */ = {isa = PBXBuildFile; fileRef = AE6771AC2B07EBCF00AE5D13 /* FAQ.swift */; };
		AE9DD0762B0CEDEC0016DF1A /* faqData.json in Resources */ = {isa = PBXBuildFile; fileRef = AE9DD0752B0CEDEC0016DF1A /* faqData.json */; };
		AE9DD0782B0CEE9D0016DF1A /* ModelData.swift in Sources */ = {isa = PBXBuildFile; fileRef = AE9DD0772B0CEE9D0016DF1A /* ModelData.swift */; };
		AE9DD07A2B0CF0070016DF1A /* FAQRow.swift in Sources */ = {isa = PBXBuildFile; fileRef = AE9DD0792B0CF0070016DF1A /* FAQRow.swift */; };
		AE9DD07D2B0CF29A0016DF1A /* PrimaryButton.swift in Sources */ = {isa = PBXBuildFile; fileRef = AE9DD07C2B0CF29A0016DF1A /* PrimaryButton.swift */; };
		AE9DD07F2B0CF3470016DF1A /* Extensions.swift in Sources */ = {isa = PBXBuildFile; fileRef = AE9DD07E2B0CF3470016DF1A /* Extensions.swift */; };
		AE9DD0812B0CF7450016DF1A /* ProfileRow.swift in Sources */ = {isa = PBXBuildFile; fileRef = AE9DD0802B0CF7450016DF1A /* ProfileRow.swift */; };
		AE9DD0BA2B0CFF740016DF1A /* GoogleService-Info.plist in Resources */ = {isa = PBXBuildFile; fileRef = AE9DD0B92B0CFF740016DF1A /* GoogleService-Info.plist */; };
		AE9DD0BC2B0D02970016DF1A /* Certificate.swift in Sources */ = {isa = PBXBuildFile; fileRef = AE9DD0BB2B0D02970016DF1A /* Certificate.swift */; };
		AE9DD0BF2B0D1BC70016DF1A /* CertificateViewModel.swift in Sources */ = {isa = PBXBuildFile; fileRef = AE9DD0BE2B0D1BC70016DF1A /* CertificateViewModel.swift */; };
		AE9DD0C12B224E600016DF1A /* CertificatesView.swift in Sources */ = {isa = PBXBuildFile; fileRef = AE9DD0C02B224E600016DF1A /* CertificatesView.swift */; };
		AE9DD0C32B224F370016DF1A /* CertificateCard.swift in Sources */ = {isa = PBXBuildFile; fileRef = AE9DD0C22B224F370016DF1A /* CertificateCard.swift */; };
		AE9DD0E82B2264B70016DF1A /* FirebaseAnalytics in Frameworks */ = {isa = PBXBuildFile; productRef = AE9DD0E72B2264B70016DF1A /* FirebaseAnalytics */; };
		AE9DD0EA2B2264B70016DF1A /* FirebaseAnalyticsOnDeviceConversion in Frameworks */ = {isa = PBXBuildFile; productRef = AE9DD0E92B2264B70016DF1A /* FirebaseAnalyticsOnDeviceConversion */; };
		AE9DD0EC2B2264B70016DF1A /* FirebaseAnalyticsSwift in Frameworks */ = {isa = PBXBuildFile; productRef = AE9DD0EB2B2264B70016DF1A /* FirebaseAnalyticsSwift */; };
		AE9DD0EE2B2264B70016DF1A /* FirebaseAnalyticsWithoutAdIdSupport in Frameworks */ = {isa = PBXBuildFile; productRef = AE9DD0ED2B2264B70016DF1A /* FirebaseAnalyticsWithoutAdIdSupport */; };
		AE9DD0F02B2264B70016DF1A /* FirebaseAppCheck in Frameworks */ = {isa = PBXBuildFile; productRef = AE9DD0EF2B2264B70016DF1A /* FirebaseAppCheck */; };
		AE9DD0F22B2264B70016DF1A /* FirebaseAppDistribution-Beta in Frameworks */ = {isa = PBXBuildFile; productRef = AE9DD0F12B2264B70016DF1A /* FirebaseAppDistribution-Beta */; };
		AE9DD0F42B2264B70016DF1A /* FirebaseAuth in Frameworks */ = {isa = PBXBuildFile; productRef = AE9DD0F32B2264B70016DF1A /* FirebaseAuth */; };
		AE9DD0F62B2264B70016DF1A /* FirebaseAuthCombine-Community in Frameworks */ = {isa = PBXBuildFile; productRef = AE9DD0F52B2264B70016DF1A /* FirebaseAuthCombine-Community */; };
		AE9DD0F82B2264B70016DF1A /* FirebaseCrashlytics in Frameworks */ = {isa = PBXBuildFile; productRef = AE9DD0F72B2264B70016DF1A /* FirebaseCrashlytics */; };
		AE9DD0FA2B2264B70016DF1A /* FirebaseDatabase in Frameworks */ = {isa = PBXBuildFile; productRef = AE9DD0F92B2264B70016DF1A /* FirebaseDatabase */; };
		AE9DD0FC2B2264B70016DF1A /* FirebaseDatabaseSwift in Frameworks */ = {isa = PBXBuildFile; productRef = AE9DD0FB2B2264B70016DF1A /* FirebaseDatabaseSwift */; };
		AE9DD0FE2B2264B70016DF1A /* FirebaseDynamicLinks in Frameworks */ = {isa = PBXBuildFile; productRef = AE9DD0FD2B2264B70016DF1A /* FirebaseDynamicLinks */; };
		AE9DD1002B2264B70016DF1A /* FirebaseFirestore in Frameworks */ = {isa = PBXBuildFile; productRef = AE9DD0FF2B2264B70016DF1A /* FirebaseFirestore */; };
		AE9DD1022B2264B70016DF1A /* FirebaseFirestoreCombine-Community in Frameworks */ = {isa = PBXBuildFile; productRef = AE9DD1012B2264B70016DF1A /* FirebaseFirestoreCombine-Community */; };
		AE9DD1042B2264B70016DF1A /* FirebaseFirestoreSwift in Frameworks */ = {isa = PBXBuildFile; productRef = AE9DD1032B2264B70016DF1A /* FirebaseFirestoreSwift */; };
		AE9DD1062B2264B70016DF1A /* FirebaseFunctions in Frameworks */ = {isa = PBXBuildFile; productRef = AE9DD1052B2264B70016DF1A /* FirebaseFunctions */; };
		AE9DD1082B2264B70016DF1A /* FirebaseFunctionsCombine-Community in Frameworks */ = {isa = PBXBuildFile; productRef = AE9DD1072B2264B70016DF1A /* FirebaseFunctionsCombine-Community */; };
		AE9DD10A2B2264B70016DF1A /* FirebaseInAppMessaging-Beta in Frameworks */ = {isa = PBXBuildFile; productRef = AE9DD1092B2264B70016DF1A /* FirebaseInAppMessaging-Beta */; };
		AE9DD10C2B2264B70016DF1A /* FirebaseInAppMessagingSwift-Beta in Frameworks */ = {isa = PBXBuildFile; productRef = AE9DD10B2B2264B70016DF1A /* FirebaseInAppMessagingSwift-Beta */; };
		AE9DD10E2B2264B70016DF1A /* FirebaseInstallations in Frameworks */ = {isa = PBXBuildFile; productRef = AE9DD10D2B2264B70016DF1A /* FirebaseInstallations */; };
		AE9DD1102B2264B80016DF1A /* FirebaseMLModelDownloader in Frameworks */ = {isa = PBXBuildFile; productRef = AE9DD10F2B2264B70016DF1A /* FirebaseMLModelDownloader */; };
		AE9DD1122B2264B80016DF1A /* FirebaseMessaging in Frameworks */ = {isa = PBXBuildFile; productRef = AE9DD1112B2264B80016DF1A /* FirebaseMessaging */; };
		AE9DD1142B2264B80016DF1A /* FirebasePerformance in Frameworks */ = {isa = PBXBuildFile; productRef = AE9DD1132B2264B80016DF1A /* FirebasePerformance */; };
		AE9DD1162B2264B80016DF1A /* FirebaseRemoteConfig in Frameworks */ = {isa = PBXBuildFile; productRef = AE9DD1152B2264B80016DF1A /* FirebaseRemoteConfig */; };
		AE9DD1182B2264B80016DF1A /* FirebaseRemoteConfigSwift in Frameworks */ = {isa = PBXBuildFile; productRef = AE9DD1172B2264B80016DF1A /* FirebaseRemoteConfigSwift */; };
		AE9DD11A2B2264B80016DF1A /* FirebaseStorage in Frameworks */ = {isa = PBXBuildFile; productRef = AE9DD1192B2264B80016DF1A /* FirebaseStorage */; };
		AE9DD11C2B2264B80016DF1A /* FirebaseStorageCombine-Community in Frameworks */ = {isa = PBXBuildFile; productRef = AE9DD11B2B2264B80016DF1A /* FirebaseStorageCombine-Community */; };
		AEBC8C6D2ADE2A87006EE685 /* SwiftUICombineAndDataApp.swift in Sources */ = {isa = PBXBuildFile; fileRef = AEBC8C6C2ADE2A87006EE685 /* SwiftUICombineAndDataApp.swift */; };
		AEBC8C6F2ADE2A87006EE685 /* ContentView.swift in Sources */ = {isa = PBXBuildFile; fileRef = AEBC8C6E2ADE2A87006EE685 /* ContentView.swift */; };
		AEBC8C712ADE2A89006EE685 /* Assets.xcassets in Resources */ = {isa = PBXBuildFile; fileRef = AEBC8C702ADE2A89006EE685 /* Assets.xcassets */; };
		AEBC8C742ADE2A89006EE685 /* Preview Assets.xcassets in Resources */ = {isa = PBXBuildFile; fileRef = AEBC8C732ADE2A89006EE685 /* Preview Assets.xcassets */; };
		AEBC8C7D2ADE2D97006EE685 /* VisualEffectBlur.swift in Sources */ = {isa = PBXBuildFile; fileRef = AEBC8C7B2ADE2D97006EE685 /* VisualEffectBlur.swift */; };
		AEBC8C7E2ADE2D97006EE685 /* AccountBackground.swift in Sources */ = {isa = PBXBuildFile; fileRef = AEBC8C7C2ADE2D97006EE685 /* AccountBackground.swift */; };
		AEBC8C802ADF6DA3006EE685 /* TrackableScrollView.swift in Sources */ = {isa = PBXBuildFile; fileRef = AEBC8C7F2ADF6DA3006EE685 /* TrackableScrollView.swift */; };
		AEBC8C822ADF7231006EE685 /* MenuRow.swift in Sources */ = {isa = PBXBuildFile; fileRef = AEBC8C812ADF7231006EE685 /* MenuRow.swift */; };
		AEBC8C842ADF73EB006EE685 /* GradientIcon.swift in Sources */ = {isa = PBXBuildFile; fileRef = AEBC8C832ADF73EB006EE685 /* GradientIcon.swift */; };
		AEBC8C862ADF790A006EE685 /* FAQView.swift in Sources */ = {isa = PBXBuildFile; fileRef = AEBC8C852ADF790A006EE685 /* FAQView.swift */; };
		AEBC8C882ADF7914006EE685 /* PackagesView.swift in Sources */ = {isa = PBXBuildFile; fileRef = AEBC8C872ADF7914006EE685 /* PackagesView.swift */; };
/* End PBXBuildFile section */

/* Begin PBXFileReference section */
		AE190AFA2B22700D007B51E8 /* NotificationsRow.swift */ = {isa = PBXFileReference; lastKnownFileType = sourcecode.swift; path = NotificationsRow.swift; sourceTree = "<group>"; };
		AE190AFC2B22882E007B51E8 /* LiteModeRow.swift */ = {isa = PBXFileReference; lastKnownFileType = sourcecode.swift; path = LiteModeRow.swift; sourceTree = "<group>"; };
		AE6771A82B07DC9000AE5D13 /* Package.swift */ = {isa = PBXFileReference; lastKnownFileType = sourcecode.swift; path = Package.swift; sourceTree = "<group>"; };
		AE6771AA2B07DD8500AE5D13 /* PackageRow.swift */ = {isa = PBXFileReference; lastKnownFileType = sourcecode.swift; path = PackageRow.swift; sourceTree = "<group>"; };
		AE6771AC2B07EBCF00AE5D13 /* FAQ.swift */ = {isa = PBXFileReference; lastKnownFileType = sourcecode.swift; path = FAQ.swift; sourceTree = "<group>"; };
		AE9DD0752B0CEDEC0016DF1A /* faqData.json */ = {isa = PBXFileReference; lastKnownFileType = text.json; path = faqData.json; sourceTree = "<group>"; };
		AE9DD0772B0CEE9D0016DF1A /* ModelData.swift */ = {isa = PBXFileReference; lastKnownFileType = sourcecode.swift; path = ModelData.swift; sourceTree = "<group>"; };
		AE9DD0792B0CF0070016DF1A /* FAQRow.swift */ = {isa = PBXFileReference; lastKnownFileType = sourcecode.swift; path = FAQRow.swift; sourceTree = "<group>"; };
		AE9DD07C2B0CF29A0016DF1A /* PrimaryButton.swift */ = {isa = PBXFileReference; lastKnownFileType = sourcecode.swift; path = PrimaryButton.swift; sourceTree = "<group>"; };
		AE9DD07E2B0CF3470016DF1A /* Extensions.swift */ = {isa = PBXFileReference; lastKnownFileType = sourcecode.swift; path = Extensions.swift; sourceTree = "<group>"; };
		AE9DD0802B0CF7450016DF1A /* ProfileRow.swift */ = {isa = PBXFileReference; lastKnownFileType = sourcecode.swift; path = ProfileRow.swift; sourceTree = "<group>"; };
		AE9DD0B92B0CFF740016DF1A /* GoogleService-Info.plist */ = {isa = PBXFileReference; fileEncoding = 4; lastKnownFileType = text.plist.xml; path = "GoogleService-Info.plist"; sourceTree = "<group>"; };
		AE9DD0BB2B0D02970016DF1A /* Certificate.swift */ = {isa = PBXFileReference; lastKnownFileType = sourcecode.swift; path = Certificate.swift; sourceTree = "<group>"; };
		AE9DD0BE2B0D1BC70016DF1A /* CertificateViewModel.swift */ = {isa = PBXFileReference; lastKnownFileType = sourcecode.swift; path = CertificateViewModel.swift; sourceTree = "<group>"; };
		AE9DD0C02B224E600016DF1A /* CertificatesView.swift */ = {isa = PBXFileReference; lastKnownFileType = sourcecode.swift; path = CertificatesView.swift; sourceTree = "<group>"; };
		AE9DD0C22B224F370016DF1A /* CertificateCard.swift */ = {isa = PBXFileReference; lastKnownFileType = sourcecode.swift; path = CertificateCard.swift; sourceTree = "<group>"; };
		AEBC8C692ADE2A87006EE685 /* SwiftUICombineAndData.app */ = {isa = PBXFileReference; explicitFileType = wrapper.application; includeInIndex = 0; path = SwiftUICombineAndData.app; sourceTree = BUILT_PRODUCTS_DIR; };
		AEBC8C6C2ADE2A87006EE685 /* SwiftUICombineAndDataApp.swift */ = {isa = PBXFileReference; lastKnownFileType = sourcecode.swift; path = SwiftUICombineAndDataApp.swift; sourceTree = "<group>"; };
		AEBC8C6E2ADE2A87006EE685 /* ContentView.swift */ = {isa = PBXFileReference; lastKnownFileType = sourcecode.swift; path = ContentView.swift; sourceTree = "<group>"; };
		AEBC8C702ADE2A89006EE685 /* Assets.xcassets */ = {isa = PBXFileReference; lastKnownFileType = folder.assetcatalog; path = Assets.xcassets; sourceTree = "<group>"; };
		AEBC8C732ADE2A89006EE685 /* Preview Assets.xcassets */ = {isa = PBXFileReference; lastKnownFileType = folder.assetcatalog; path = "Preview Assets.xcassets"; sourceTree = "<group>"; };
		AEBC8C7B2ADE2D97006EE685 /* VisualEffectBlur.swift */ = {isa = PBXFileReference; fileEncoding = 4; lastKnownFileType = sourcecode.swift; path = VisualEffectBlur.swift; sourceTree = "<group>"; };
		AEBC8C7C2ADE2D97006EE685 /* AccountBackground.swift */ = {isa = PBXFileReference; fileEncoding = 4; lastKnownFileType = sourcecode.swift; path = AccountBackground.swift; sourceTree = "<group>"; };
		AEBC8C7F2ADF6DA3006EE685 /* TrackableScrollView.swift */ = {isa = PBXFileReference; lastKnownFileType = sourcecode.swift; path = TrackableScrollView.swift; sourceTree = "<group>"; };
		AEBC8C812ADF7231006EE685 /* MenuRow.swift */ = {isa = PBXFileReference; lastKnownFileType = sourcecode.swift; path = MenuRow.swift; sourceTree = "<group>"; };
		AEBC8C832ADF73EB006EE685 /* GradientIcon.swift */ = {isa = PBXFileReference; lastKnownFileType = sourcecode.swift; path = GradientIcon.swift; sourceTree = "<group>"; };
		AEBC8C852ADF790A006EE685 /* FAQView.swift */ = {isa = PBXFileReference; lastKnownFileType = sourcecode.swift; path = FAQView.swift; sourceTree = "<group>"; };
		AEBC8C872ADF7914006EE685 /* PackagesView.swift */ = {isa = PBXFileReference; lastKnownFileType = sourcecode.swift; path = PackagesView.swift; sourceTree = "<group>"; };
/* End PBXFileReference section */

/* Begin PBXFrameworksBuildPhase section */
		AEBC8C662ADE2A87006EE685 /* Frameworks */ = {
			isa = PBXFrameworksBuildPhase;
			buildActionMask = 2147483647;
			files = (
				AE9DD0FA2B2264B70016DF1A /* FirebaseDatabase in Frameworks */,
				AE9DD1082B2264B70016DF1A /* FirebaseFunctionsCombine-Community in Frameworks */,
				AE9DD1002B2264B70016DF1A /* FirebaseFirestore in Frameworks */,
				AE9DD0EC2B2264B70016DF1A /* FirebaseAnalyticsSwift in Frameworks */,
				AE9DD0E82B2264B70016DF1A /* FirebaseAnalytics in Frameworks */,
				AE9DD0EA2B2264B70016DF1A /* FirebaseAnalyticsOnDeviceConversion in Frameworks */,
				AE9DD1102B2264B80016DF1A /* FirebaseMLModelDownloader in Frameworks */,
				AE9DD1042B2264B70016DF1A /* FirebaseFirestoreSwift in Frameworks */,
				AE9DD0F02B2264B70016DF1A /* FirebaseAppCheck in Frameworks */,
				AE9DD0EE2B2264B70016DF1A /* FirebaseAnalyticsWithoutAdIdSupport in Frameworks */,
				AE9DD0F42B2264B70016DF1A /* FirebaseAuth in Frameworks */,
				AE9DD0F82B2264B70016DF1A /* FirebaseCrashlytics in Frameworks */,
				AE9DD1182B2264B80016DF1A /* FirebaseRemoteConfigSwift in Frameworks */,
				AE9DD10A2B2264B70016DF1A /* FirebaseInAppMessaging-Beta in Frameworks */,
				AE9DD0FC2B2264B70016DF1A /* FirebaseDatabaseSwift in Frameworks */,
				AE9DD1062B2264B70016DF1A /* FirebaseFunctions in Frameworks */,
				AE9DD11C2B2264B80016DF1A /* FirebaseStorageCombine-Community in Frameworks */,
				AE9DD1162B2264B80016DF1A /* FirebaseRemoteConfig in Frameworks */,
				AE9DD0F22B2264B70016DF1A /* FirebaseAppDistribution-Beta in Frameworks */,
				AE9DD0F62B2264B70016DF1A /* FirebaseAuthCombine-Community in Frameworks */,
				AE9DD1142B2264B80016DF1A /* FirebasePerformance in Frameworks */,
				AE9DD10C2B2264B70016DF1A /* FirebaseInAppMessagingSwift-Beta in Frameworks */,
				AE9DD11A2B2264B80016DF1A /* FirebaseStorage in Frameworks */,
				AE9DD0FE2B2264B70016DF1A /* FirebaseDynamicLinks in Frameworks */,
				AE9DD1022B2264B70016DF1A /* FirebaseFirestoreCombine-Community in Frameworks */,
				AE9DD1122B2264B80016DF1A /* FirebaseMessaging in Frameworks */,
				AE9DD10E2B2264B70016DF1A /* FirebaseInstallations in Frameworks */,
			);
			runOnlyForDeploymentPostprocessing = 0;
		};
/* End PBXFrameworksBuildPhase section */

/* Begin PBXGroup section */
		AE190AF92B226954007B51E8 /* Cars */ = {
			isa = PBXGroup;
			children = (
				AE9DD0C22B224F370016DF1A /* CertificateCard.swift */,
			);
			path = Cars;
			sourceTree = "<group>";
		};
		AE6771A72B07DC7100AE5D13 /* Models */ = {
			isa = PBXGroup;
			children = (
				AE6771A82B07DC9000AE5D13 /* Package.swift */,
				AE6771AC2B07EBCF00AE5D13 /* FAQ.swift */,
				AE9DD0BB2B0D02970016DF1A /* Certificate.swift */,
			);
			path = Models;
			sourceTree = "<group>";
		};
		AE9DD0742B0CEDB30016DF1A /* Resources */ = {
			isa = PBXGroup;
			children = (
				AE9DD0752B0CEDEC0016DF1A /* faqData.json */,
			);
			path = Resources;
			sourceTree = "<group>";
		};
		AE9DD07B2B0CF2830016DF1A /* Buttons */ = {
			isa = PBXGroup;
			children = (
				AE9DD07C2B0CF29A0016DF1A /* PrimaryButton.swift */,
			);
			path = Buttons;
			sourceTree = "<group>";
		};
		AE9DD0BD2B0D1BB70016DF1A /* ViewModels */ = {
			isa = PBXGroup;
			children = (
				AE9DD0BE2B0D1BC70016DF1A /* CertificateViewModel.swift */,
			);
			path = ViewModels;
			sourceTree = "<group>";
		};
		AEBC8C602ADE2A87006EE685 = {
			isa = PBXGroup;
			children = (
				AEBC8C6B2ADE2A87006EE685 /* SwiftUICombineAndData */,
				AEBC8C6A2ADE2A87006EE685 /* Products */,
			);
			sourceTree = "<group>";
		};
		AEBC8C6A2ADE2A87006EE685 /* Products */ = {
			isa = PBXGroup;
			children = (
				AEBC8C692ADE2A87006EE685 /* SwiftUICombineAndData.app */,
			);
			name = Products;
			sourceTree = "<group>";
		};
		AEBC8C6B2ADE2A87006EE685 /* SwiftUICombineAndData */ = {
			isa = PBXGroup;
			children = (
				AE9DD0BD2B0D1BB70016DF1A /* ViewModels */,
				AE9DD0742B0CEDB30016DF1A /* Resources */,
				AE6771A72B07DC7100AE5D13 /* Models */,
				AEBC8C8D2ADF7947006EE685 /* Components */,
				AEBC8C8C2ADF7941006EE685 /* Utils */,
				AEBC8C892ADF7929006EE685 /* Views */,
				AEBC8C7A2ADE2D97006EE685 /* Graphics */,
				AEBC8C6C2ADE2A87006EE685 /* SwiftUICombineAndDataApp.swift */,
				AEBC8C6E2ADE2A87006EE685 /* ContentView.swift */,
				AEBC8C702ADE2A89006EE685 /* Assets.xcassets */,
				AE9DD0B92B0CFF740016DF1A /* GoogleService-Info.plist */,
				AEBC8C722ADE2A89006EE685 /* Preview Content */,
			);
			path = SwiftUICombineAndData;
			sourceTree = "<group>";
		};
		AEBC8C722ADE2A89006EE685 /* Preview Content */ = {
			isa = PBXGroup;
			children = (
				AEBC8C732ADE2A89006EE685 /* Preview Assets.xcassets */,
			);
			path = "Preview Content";
			sourceTree = "<group>";
		};
		AEBC8C7A2ADE2D97006EE685 /* Graphics */ = {
			isa = PBXGroup;
			children = (
				AEBC8C7B2ADE2D97006EE685 /* VisualEffectBlur.swift */,
				AEBC8C7C2ADE2D97006EE685 /* AccountBackground.swift */,
			);
			path = Graphics;
			sourceTree = "<group>";
		};
		AEBC8C892ADF7929006EE685 /* Views */ = {
			isa = PBXGroup;
			children = (
				AEBC8C852ADF790A006EE685 /* FAQView.swift */,
				AEBC8C872ADF7914006EE685 /* PackagesView.swift */,
				AE9DD0C02B224E600016DF1A /* CertificatesView.swift */,
			);
			path = Views;
			sourceTree = "<group>";
		};
		AEBC8C8A2ADF7932006EE685 /* Rows */ = {
			isa = PBXGroup;
			children = (
				AEBC8C812ADF7231006EE685 /* MenuRow.swift */,
				AE6771AA2B07DD8500AE5D13 /* PackageRow.swift */,
				AE9DD0792B0CF0070016DF1A /* FAQRow.swift */,
				AE9DD0802B0CF7450016DF1A /* ProfileRow.swift */,
				AE190AFA2B22700D007B51E8 /* NotificationsRow.swift */,
				AE190AFC2B22882E007B51E8 /* LiteModeRow.swift */,
			);
			path = Rows;
			sourceTree = "<group>";
		};
		AEBC8C8B2ADF793A006EE685 /* Other */ = {
			isa = PBXGroup;
			children = (
				AEBC8C832ADF73EB006EE685 /* GradientIcon.swift */,
			);
			path = Other;
			sourceTree = "<group>";
		};
		AEBC8C8C2ADF7941006EE685 /* Utils */ = {
			isa = PBXGroup;
			children = (
				AEBC8C7F2ADF6DA3006EE685 /* TrackableScrollView.swift */,
				AE9DD0772B0CEE9D0016DF1A /* ModelData.swift */,
				AE9DD07E2B0CF3470016DF1A /* Extensions.swift */,
			);
			path = Utils;
			sourceTree = "<group>";
		};
		AEBC8C8D2ADF7947006EE685 /* Components */ = {
			isa = PBXGroup;
			children = (
				AE190AF92B226954007B51E8 /* Cars */,
				AE9DD07B2B0CF2830016DF1A /* Buttons */,
				AEBC8C8A2ADF7932006EE685 /* Rows */,
				AEBC8C8B2ADF793A006EE685 /* Other */,
			);
			path = Components;
			sourceTree = "<group>";
		};
/* End PBXGroup section */

/* Begin PBXNativeTarget section */
		AEBC8C682ADE2A87006EE685 /* SwiftUICombineAndData */ = {
			isa = PBXNativeTarget;
			buildConfigurationList = AEBC8C772ADE2A89006EE685 /* Build configuration list for PBXNativeTarget "SwiftUICombineAndData" */;
			buildPhases = (
				AEBC8C652ADE2A87006EE685 /* Sources */,
				AEBC8C662ADE2A87006EE685 /* Frameworks */,
				AEBC8C672ADE2A87006EE685 /* Resources */,
			);
			buildRules = (
			);
			dependencies = (
			);
			name = SwiftUICombineAndData;
			packageProductDependencies = (
				AE9DD0E72B2264B70016DF1A /* FirebaseAnalytics */,
				AE9DD0E92B2264B70016DF1A /* FirebaseAnalyticsOnDeviceConversion */,
				AE9DD0EB2B2264B70016DF1A /* FirebaseAnalyticsSwift */,
				AE9DD0ED2B2264B70016DF1A /* FirebaseAnalyticsWithoutAdIdSupport */,
				AE9DD0EF2B2264B70016DF1A /* FirebaseAppCheck */,
				AE9DD0F12B2264B70016DF1A /* FirebaseAppDistribution-Beta */,
				AE9DD0F32B2264B70016DF1A /* FirebaseAuth */,
				AE9DD0F52B2264B70016DF1A /* FirebaseAuthCombine-Community */,
				AE9DD0F72B2264B70016DF1A /* FirebaseCrashlytics */,
				AE9DD0F92B2264B70016DF1A /* FirebaseDatabase */,
				AE9DD0FB2B2264B70016DF1A /* FirebaseDatabaseSwift */,
				AE9DD0FD2B2264B70016DF1A /* FirebaseDynamicLinks */,
				AE9DD0FF2B2264B70016DF1A /* FirebaseFirestore */,
				AE9DD1012B2264B70016DF1A /* FirebaseFirestoreCombine-Community */,
				AE9DD1032B2264B70016DF1A /* FirebaseFirestoreSwift */,
				AE9DD1052B2264B70016DF1A /* FirebaseFunctions */,
				AE9DD1072B2264B70016DF1A /* FirebaseFunctionsCombine-Community */,
				AE9DD1092B2264B70016DF1A /* FirebaseInAppMessaging-Beta */,
				AE9DD10B2B2264B70016DF1A /* FirebaseInAppMessagingSwift-Beta */,
				AE9DD10D2B2264B70016DF1A /* FirebaseInstallations */,
				AE9DD10F2B2264B70016DF1A /* FirebaseMLModelDownloader */,
				AE9DD1112B2264B80016DF1A /* FirebaseMessaging */,
				AE9DD1132B2264B80016DF1A /* FirebasePerformance */,
				AE9DD1152B2264B80016DF1A /* FirebaseRemoteConfig */,
				AE9DD1172B2264B80016DF1A /* FirebaseRemoteConfigSwift */,
				AE9DD1192B2264B80016DF1A /* FirebaseStorage */,
				AE9DD11B2B2264B80016DF1A /* FirebaseStorageCombine-Community */,
			);
			productName = SwiftUICombineAndData;
			productReference = AEBC8C692ADE2A87006EE685 /* SwiftUICombineAndData.app */;
			productType = "com.apple.product-type.application";
		};
/* End PBXNativeTarget section */

/* Begin PBXProject section */
		AEBC8C612ADE2A87006EE685 /* Project object */ = {
			isa = PBXProject;
			attributes = {
				BuildIndependentTargetsInParallel = 1;
				LastSwiftUpdateCheck = 1500;
				LastUpgradeCheck = 1500;
				TargetAttributes = {
					AEBC8C682ADE2A87006EE685 = {
						CreatedOnToolsVersion = 15.0;
					};
				};
			};
			buildConfigurationList = AEBC8C642ADE2A87006EE685 /* Build configuration list for PBXProject "SwiftUICombineAndData" */;
			compatibilityVersion = "Xcode 14.0";
			developmentRegion = en;
			hasScannedForEncodings = 0;
			knownRegions = (
				en,
				Base,
			);
			mainGroup = AEBC8C602ADE2A87006EE685;
			packageReferences = (
				AE9DD0E62B2264B70016DF1A /* XCRemoteSwiftPackageReference "firebase-ios-sdk" */,
			);
			productRefGroup = AEBC8C6A2ADE2A87006EE685 /* Products */;
			projectDirPath = "";
			projectRoot = "";
			targets = (
				AEBC8C682ADE2A87006EE685 /* SwiftUICombineAndData */,
			);
		};
/* End PBXProject section */

/* Begin PBXResourcesBuildPhase section */
		AEBC8C672ADE2A87006EE685 /* Resources */ = {
			isa = PBXResourcesBuildPhase;
			buildActionMask = 2147483647;
			files = (
				AEBC8C742ADE2A89006EE685 /* Preview Assets.xcassets in Resources */,
				AE9DD0BA2B0CFF740016DF1A /* GoogleService-Info.plist in Resources */,
				AEBC8C712ADE2A89006EE685 /* Assets.xcassets in Resources */,
				AE9DD0762B0CEDEC0016DF1A /* faqData.json in Resources */,
			);
			runOnlyForDeploymentPostprocessing = 0;
		};
/* End PBXResourcesBuildPhase section */

/* Begin PBXSourcesBuildPhase section */
		AEBC8C652ADE2A87006EE685 /* Sources */ = {
			isa = PBXSourcesBuildPhase;
			buildActionMask = 2147483647;
			files = (
				AEBC8C7D2ADE2D97006EE685 /* VisualEffectBlur.swift in Sources */,
				AE9DD07A2B0CF0070016DF1A /* FAQRow.swift in Sources */,
				AEBC8C802ADF6DA3006EE685 /* TrackableScrollView.swift in Sources */,
				AE9DD0BC2B0D02970016DF1A /* Certificate.swift in Sources */,
				AEBC8C6F2ADE2A87006EE685 /* ContentView.swift in Sources */,
				AE9DD0782B0CEE9D0016DF1A /* ModelData.swift in Sources */,
				AE6771AB2B07DD8500AE5D13 /* PackageRow.swift in Sources */,
				AEBC8C882ADF7914006EE685 /* PackagesView.swift in Sources */,
				AEBC8C862ADF790A006EE685 /* FAQView.swift in Sources */,
				AEBC8C842ADF73EB006EE685 /* GradientIcon.swift in Sources */,
				AE190AFD2B22882E007B51E8 /* LiteModeRow.swift in Sources */,
				AE9DD0BF2B0D1BC70016DF1A /* CertificateViewModel.swift in Sources */,
				AE9DD0C32B224F370016DF1A /* CertificateCard.swift in Sources */,
				AE9DD0812B0CF7450016DF1A /* ProfileRow.swift in Sources */,
				AE190AFB2B22700D007B51E8 /* NotificationsRow.swift in Sources */,
				AE6771A92B07DC9000AE5D13 /* Package.swift in Sources */,
				AE6771AD2B07EBCF00AE5D13 /* FAQ.swift in Sources */,
				AE9DD07F2B0CF3470016DF1A /* Extensions.swift in Sources */,
				AEBC8C6D2ADE2A87006EE685 /* SwiftUICombineAndDataApp.swift in Sources */,
				AE9DD07D2B0CF29A0016DF1A /* PrimaryButton.swift in Sources */,
				AEBC8C7E2ADE2D97006EE685 /* AccountBackground.swift in Sources */,
				AE9DD0C12B224E600016DF1A /* CertificatesView.swift in Sources */,
				AEBC8C822ADF7231006EE685 /* MenuRow.swift in Sources */,
			);
			runOnlyForDeploymentPostprocessing = 0;
		};
/* End PBXSourcesBuildPhase section */

/* Begin XCBuildConfiguration section */
		AEBC8C752ADE2A89006EE685 /* Debug */ = {
			isa = XCBuildConfiguration;
			buildSettings = {
				ALWAYS_SEARCH_USER_PATHS = NO;
				ASSETCATALOG_COMPILER_GENERATE_SWIFT_ASSET_SYMBOL_EXTENSIONS = YES;
				CLANG_ANALYZER_NONNULL = YES;
				CLANG_ANALYZER_NUMBER_OBJECT_CONVERSION = YES_AGGRESSIVE;
				CLANG_CXX_LANGUAGE_STANDARD = "gnu++20";
				CLANG_ENABLE_MODULES = YES;
				CLANG_ENABLE_OBJC_ARC = YES;
				CLANG_ENABLE_OBJC_WEAK = YES;
				CLANG_WARN_BLOCK_CAPTURE_AUTORELEASING = YES;
				CLANG_WARN_BOOL_CONVERSION = YES;
				CLANG_WARN_COMMA = YES;
				CLANG_WARN_CONSTANT_CONVERSION = YES;
				CLANG_WARN_DEPRECATED_OBJC_IMPLEMENTATIONS = YES;
				CLANG_WARN_DIRECT_OBJC_ISA_USAGE = YES_ERROR;
				CLANG_WARN_DOCUMENTATION_COMMENTS = YES;
				CLANG_WARN_EMPTY_BODY = YES;
				CLANG_WARN_ENUM_CONVERSION = YES;
				CLANG_WARN_INFINITE_RECURSION = YES;
				CLANG_WARN_INT_CONVERSION = YES;
				CLANG_WARN_NON_LITERAL_NULL_CONVERSION = YES;
				CLANG_WARN_OBJC_IMPLICIT_RETAIN_SELF = YES;
				CLANG_WARN_OBJC_LITERAL_CONVERSION = YES;
				CLANG_WARN_OBJC_ROOT_CLASS = YES_ERROR;
				CLANG_WARN_QUOTED_INCLUDE_IN_FRAMEWORK_HEADER = YES;
				CLANG_WARN_RANGE_LOOP_ANALYSIS = YES;
				CLANG_WARN_STRICT_PROTOTYPES = YES;
				CLANG_WARN_SUSPICIOUS_MOVE = YES;
				CLANG_WARN_UNGUARDED_AVAILABILITY = YES_AGGRESSIVE;
				CLANG_WARN_UNREACHABLE_CODE = YES;
				CLANG_WARN__DUPLICATE_METHOD_MATCH = YES;
				COPY_PHASE_STRIP = NO;
				DEBUG_INFORMATION_FORMAT = dwarf;
				ENABLE_STRICT_OBJC_MSGSEND = YES;
				ENABLE_TESTABILITY = YES;
				ENABLE_USER_SCRIPT_SANDBOXING = YES;
				GCC_C_LANGUAGE_STANDARD = gnu17;
				GCC_DYNAMIC_NO_PIC = NO;
				GCC_NO_COMMON_BLOCKS = YES;
				GCC_OPTIMIZATION_LEVEL = 0;
				GCC_PREPROCESSOR_DEFINITIONS = (
					"DEBUG=1",
					"$(inherited)",
				);
				GCC_WARN_64_TO_32_BIT_CONVERSION = YES;
				GCC_WARN_ABOUT_RETURN_TYPE = YES_ERROR;
				GCC_WARN_UNDECLARED_SELECTOR = YES;
				GCC_WARN_UNINITIALIZED_AUTOS = YES_AGGRESSIVE;
				GCC_WARN_UNUSED_FUNCTION = YES;
				GCC_WARN_UNUSED_VARIABLE = YES;
				IPHONEOS_DEPLOYMENT_TARGET = 14.0;
				LOCALIZATION_PREFERS_STRING_CATALOGS = YES;
				MTL_ENABLE_DEBUG_INFO = INCLUDE_SOURCE;
				MTL_FAST_MATH = YES;
				ONLY_ACTIVE_ARCH = YES;
				SDKROOT = iphoneos;
				SWIFT_ACTIVE_COMPILATION_CONDITIONS = "DEBUG $(inherited)";
				SWIFT_OPTIMIZATION_LEVEL = "-Onone";
			};
			name = Debug;
		};
		AEBC8C762ADE2A89006EE685 /* Release */ = {
			isa = XCBuildConfiguration;
			buildSettings = {
				ALWAYS_SEARCH_USER_PATHS = NO;
				ASSETCATALOG_COMPILER_GENERATE_SWIFT_ASSET_SYMBOL_EXTENSIONS = YES;
				CLANG_ANALYZER_NONNULL = YES;
				CLANG_ANALYZER_NUMBER_OBJECT_CONVERSION = YES_AGGRESSIVE;
				CLANG_CXX_LANGUAGE_STANDARD = "gnu++20";
				CLANG_ENABLE_MODULES = YES;
				CLANG_ENABLE_OBJC_ARC = YES;
				CLANG_ENABLE_OBJC_WEAK = YES;
				CLANG_WARN_BLOCK_CAPTURE_AUTORELEASING = YES;
				CLANG_WARN_BOOL_CONVERSION = YES;
				CLANG_WARN_COMMA = YES;
				CLANG_WARN_CONSTANT_CONVERSION = YES;
				CLANG_WARN_DEPRECATED_OBJC_IMPLEMENTATIONS = YES;
				CLANG_WARN_DIRECT_OBJC_ISA_USAGE = YES_ERROR;
				CLANG_WARN_DOCUMENTATION_COMMENTS = YES;
				CLANG_WARN_EMPTY_BODY = YES;
				CLANG_WARN_ENUM_CONVERSION = YES;
				CLANG_WARN_INFINITE_RECURSION = YES;
				CLANG_WARN_INT_CONVERSION = YES;
				CLANG_WARN_NON_LITERAL_NULL_CONVERSION = YES;
				CLANG_WARN_OBJC_IMPLICIT_RETAIN_SELF = YES;
				CLANG_WARN_OBJC_LITERAL_CONVERSION = YES;
				CLANG_WARN_OBJC_ROOT_CLASS = YES_ERROR;
				CLANG_WARN_QUOTED_INCLUDE_IN_FRAMEWORK_HEADER = YES;
				CLANG_WARN_RANGE_LOOP_ANALYSIS = YES;
				CLANG_WARN_STRICT_PROTOTYPES = YES;
				CLANG_WARN_SUSPICIOUS_MOVE = YES;
				CLANG_WARN_UNGUARDED_AVAILABILITY = YES_AGGRESSIVE;
				CLANG_WARN_UNREACHABLE_CODE = YES;
				CLANG_WARN__DUPLICATE_METHOD_MATCH = YES;
				COPY_PHASE_STRIP = NO;
				DEBUG_INFORMATION_FORMAT = "dwarf-with-dsym";
				ENABLE_NS_ASSERTIONS = NO;
				ENABLE_STRICT_OBJC_MSGSEND = YES;
				ENABLE_USER_SCRIPT_SANDBOXING = YES;
				GCC_C_LANGUAGE_STANDARD = gnu17;
				GCC_NO_COMMON_BLOCKS = YES;
				GCC_WARN_64_TO_32_BIT_CONVERSION = YES;
				GCC_WARN_ABOUT_RETURN_TYPE = YES_ERROR;
				GCC_WARN_UNDECLARED_SELECTOR = YES;
				GCC_WARN_UNINITIALIZED_AUTOS = YES_AGGRESSIVE;
				GCC_WARN_UNUSED_FUNCTION = YES;
				GCC_WARN_UNUSED_VARIABLE = YES;
				IPHONEOS_DEPLOYMENT_TARGET = 14.0;
				LOCALIZATION_PREFERS_STRING_CATALOGS = YES;
				MTL_ENABLE_DEBUG_INFO = NO;
				MTL_FAST_MATH = YES;
				SDKROOT = iphoneos;
				SWIFT_COMPILATION_MODE = wholemodule;
				VALIDATE_PRODUCT = YES;
			};
			name = Release;
		};
		AEBC8C782ADE2A89006EE685 /* Debug */ = {
			isa = XCBuildConfiguration;
			buildSettings = {
				ASSETCATALOG_COMPILER_APPICON_NAME = AppIcon;
				ASSETCATALOG_COMPILER_GLOBAL_ACCENT_COLOR_NAME = AccentColor;
				CODE_SIGN_STYLE = Automatic;
				CURRENT_PROJECT_VERSION = 1;
				DEVELOPMENT_ASSET_PATHS = "\"SwiftUICombineAndData/Preview Content\"";
				ENABLE_PREVIEWS = YES;
				GENERATE_INFOPLIST_FILE = YES;
				INFOPLIST_KEY_UIApplicationSceneManifest_Generation = YES;
				INFOPLIST_KEY_UIApplicationSupportsIndirectInputEvents = YES;
				INFOPLIST_KEY_UILaunchScreen_Generation = YES;
				INFOPLIST_KEY_UISupportedInterfaceOrientations_iPad = "UIInterfaceOrientationPortrait UIInterfaceOrientationPortraitUpsideDown UIInterfaceOrientationLandscapeLeft UIInterfaceOrientationLandscapeRight";
				INFOPLIST_KEY_UISupportedInterfaceOrientations_iPhone = "UIInterfaceOrientationPortrait UIInterfaceOrientationLandscapeLeft UIInterfaceOrientationLandscapeRight";
				IPHONEOS_DEPLOYMENT_TARGET = 14.0;
				LD_RUNPATH_SEARCH_PATHS = (
					"$(inherited)",
					"@executable_path/Frameworks",
				);
				MARKETING_VERSION = 1.0;
				PRODUCT_BUNDLE_IDENTIFIER = br.com.mackley.SwiftUICombineAndData;
				PRODUCT_NAME = "$(TARGET_NAME)";
				SUPPORTED_PLATFORMS = "iphoneos iphonesimulator";
				SUPPORTS_MACCATALYST = NO;
				SUPPORTS_MAC_DESIGNED_FOR_IPHONE_IPAD = NO;
				SWIFT_EMIT_LOC_STRINGS = YES;
				SWIFT_VERSION = 5.0;
				TARGETED_DEVICE_FAMILY = "1,2";
			};
			name = Debug;
		};
		AEBC8C792ADE2A89006EE685 /* Release */ = {
			isa = XCBuildConfiguration;
			buildSettings = {
				ASSETCATALOG_COMPILER_APPICON_NAME = AppIcon;
				ASSETCATALOG_COMPILER_GLOBAL_ACCENT_COLOR_NAME = AccentColor;
				CODE_SIGN_STYLE = Automatic;
				CURRENT_PROJECT_VERSION = 1;
				DEVELOPMENT_ASSET_PATHS = "\"SwiftUICombineAndData/Preview Content\"";
				ENABLE_PREVIEWS = YES;
				GENERATE_INFOPLIST_FILE = YES;
				INFOPLIST_KEY_UIApplicationSceneManifest_Generation = YES;
				INFOPLIST_KEY_UIApplicationSupportsIndirectInputEvents = YES;
				INFOPLIST_KEY_UILaunchScreen_Generation = YES;
				INFOPLIST_KEY_UISupportedInterfaceOrientations_iPad = "UIInterfaceOrientationPortrait UIInterfaceOrientationPortraitUpsideDown UIInterfaceOrientationLandscapeLeft UIInterfaceOrientationLandscapeRight";
				INFOPLIST_KEY_UISupportedInterfaceOrientations_iPhone = "UIInterfaceOrientationPortrait UIInterfaceOrientationLandscapeLeft UIInterfaceOrientationLandscapeRight";
				IPHONEOS_DEPLOYMENT_TARGET = 14.0;
				LD_RUNPATH_SEARCH_PATHS = (
					"$(inherited)",
					"@executable_path/Frameworks",
				);
				MARKETING_VERSION = 1.0;
				PRODUCT_BUNDLE_IDENTIFIER = br.com.mackley.SwiftUICombineAndData;
				PRODUCT_NAME = "$(TARGET_NAME)";
				SUPPORTED_PLATFORMS = "iphoneos iphonesimulator";
				SUPPORTS_MACCATALYST = NO;
				SUPPORTS_MAC_DESIGNED_FOR_IPHONE_IPAD = NO;
				SWIFT_EMIT_LOC_STRINGS = YES;
				SWIFT_VERSION = 5.0;
				TARGETED_DEVICE_FAMILY = "1,2";
			};
			name = Release;
		};
/* End XCBuildConfiguration section */

/* Begin XCConfigurationList section */
		AEBC8C642ADE2A87006EE685 /* Build configuration list for PBXProject "SwiftUICombineAndData" */ = {
			isa = XCConfigurationList;
			buildConfigurations = (
				AEBC8C752ADE2A89006EE685 /* Debug */,
				AEBC8C762ADE2A89006EE685 /* Release */,
			);
			defaultConfigurationIsVisible = 0;
			defaultConfigurationName = Release;
		};
		AEBC8C772ADE2A89006EE685 /* Build configuration list for PBXNativeTarget "SwiftUICombineAndData" */ = {
			isa = XCConfigurationList;
			buildConfigurations = (
				AEBC8C782ADE2A89006EE685 /* Debug */,
				AEBC8C792ADE2A89006EE685 /* Release */,
			);
			defaultConfigurationIsVisible = 0;
			defaultConfigurationName = Release;
		};
/* End XCConfigurationList section */

/* Begin XCRemoteSwiftPackageReference section */
		AE9DD0E62B2264B70016DF1A /* XCRemoteSwiftPackageReference "firebase-ios-sdk" */ = {
			isa = XCRemoteSwiftPackageReference;
			repositoryURL = "https://github.com/firebase/firebase-ios-sdk.git";
			requirement = {
				kind = exactVersion;
				version = 10.16.0;
			};
		};
/* End XCRemoteSwiftPackageReference section */

/* Begin XCSwiftPackageProductDependency section */
		AE9DD0E72B2264B70016DF1A /* FirebaseAnalytics */ = {
			isa = XCSwiftPackageProductDependency;
			package = AE9DD0E62B2264B70016DF1A /* XCRemoteSwiftPackageReference "firebase-ios-sdk" */;
			productName = FirebaseAnalytics;
		};
		AE9DD0E92B2264B70016DF1A /* FirebaseAnalyticsOnDeviceConversion */ = {
			isa = XCSwiftPackageProductDependency;
			package = AE9DD0E62B2264B70016DF1A /* XCRemoteSwiftPackageReference "firebase-ios-sdk" */;
			productName = FirebaseAnalyticsOnDeviceConversion;
		};
		AE9DD0EB2B2264B70016DF1A /* FirebaseAnalyticsSwift */ = {
			isa = XCSwiftPackageProductDependency;
			package = AE9DD0E62B2264B70016DF1A /* XCRemoteSwiftPackageReference "firebase-ios-sdk" */;
			productName = FirebaseAnalyticsSwift;
		};
		AE9DD0ED2B2264B70016DF1A /* FirebaseAnalyticsWithoutAdIdSupport */ = {
			isa = XCSwiftPackageProductDependency;
			package = AE9DD0E62B2264B70016DF1A /* XCRemoteSwiftPackageReference "firebase-ios-sdk" */;
			productName = FirebaseAnalyticsWithoutAdIdSupport;
		};
		AE9DD0EF2B2264B70016DF1A /* FirebaseAppCheck */ = {
			isa = XCSwiftPackageProductDependency;
			package = AE9DD0E62B2264B70016DF1A /* XCRemoteSwiftPackageReference "firebase-ios-sdk" */;
			productName = FirebaseAppCheck;
		};
		AE9DD0F12B2264B70016DF1A /* FirebaseAppDistribution-Beta */ = {
			isa = XCSwiftPackageProductDependency;
			package = AE9DD0E62B2264B70016DF1A /* XCRemoteSwiftPackageReference "firebase-ios-sdk" */;
			productName = "FirebaseAppDistribution-Beta";
		};
		AE9DD0F32B2264B70016DF1A /* FirebaseAuth */ = {
			isa = XCSwiftPackageProductDependency;
			package = AE9DD0E62B2264B70016DF1A /* XCRemoteSwiftPackageReference "firebase-ios-sdk" */;
			productName = FirebaseAuth;
		};
		AE9DD0F52B2264B70016DF1A /* FirebaseAuthCombine-Community */ = {
			isa = XCSwiftPackageProductDependency;
			package = AE9DD0E62B2264B70016DF1A /* XCRemoteSwiftPackageReference "firebase-ios-sdk" */;
			productName = "FirebaseAuthCombine-Community";
		};
		AE9DD0F72B2264B70016DF1A /* FirebaseCrashlytics */ = {
			isa = XCSwiftPackageProductDependency;
			package = AE9DD0E62B2264B70016DF1A /* XCRemoteSwiftPackageReference "firebase-ios-sdk" */;
			productName = FirebaseCrashlytics;
		};
		AE9DD0F92B2264B70016DF1A /* FirebaseDatabase */ = {
			isa = XCSwiftPackageProductDependency;
			package = AE9DD0E62B2264B70016DF1A /* XCRemoteSwiftPackageReference "firebase-ios-sdk" */;
			productName = FirebaseDatabase;
		};
		AE9DD0FB2B2264B70016DF1A /* FirebaseDatabaseSwift */ = {
			isa = XCSwiftPackageProductDependency;
			package = AE9DD0E62B2264B70016DF1A /* XCRemoteSwiftPackageReference "firebase-ios-sdk" */;
			productName = FirebaseDatabaseSwift;
		};
		AE9DD0FD2B2264B70016DF1A /* FirebaseDynamicLinks */ = {
			isa = XCSwiftPackageProductDependency;
			package = AE9DD0E62B2264B70016DF1A /* XCRemoteSwiftPackageReference "firebase-ios-sdk" */;
			productName = FirebaseDynamicLinks;
		};
		AE9DD0FF2B2264B70016DF1A /* FirebaseFirestore */ = {
			isa = XCSwiftPackageProductDependency;
			package = AE9DD0E62B2264B70016DF1A /* XCRemoteSwiftPackageReference "firebase-ios-sdk" */;
			productName = FirebaseFirestore;
		};
		AE9DD1012B2264B70016DF1A /* FirebaseFirestoreCombine-Community */ = {
			isa = XCSwiftPackageProductDependency;
			package = AE9DD0E62B2264B70016DF1A /* XCRemoteSwiftPackageReference "firebase-ios-sdk" */;
			productName = "FirebaseFirestoreCombine-Community";
		};
		AE9DD1032B2264B70016DF1A /* FirebaseFirestoreSwift */ = {
			isa = XCSwiftPackageProductDependency;
			package = AE9DD0E62B2264B70016DF1A /* XCRemoteSwiftPackageReference "firebase-ios-sdk" */;
			productName = FirebaseFirestoreSwift;
		};
		AE9DD1052B2264B70016DF1A /* FirebaseFunctions */ = {
			isa = XCSwiftPackageProductDependency;
			package = AE9DD0E62B2264B70016DF1A /* XCRemoteSwiftPackageReference "firebase-ios-sdk" */;
			productName = FirebaseFunctions;
		};
		AE9DD1072B2264B70016DF1A /* FirebaseFunctionsCombine-Community */ = {
			isa = XCSwiftPackageProductDependency;
			package = AE9DD0E62B2264B70016DF1A /* XCRemoteSwiftPackageReference "firebase-ios-sdk" */;
			productName = "FirebaseFunctionsCombine-Community";
		};
		AE9DD1092B2264B70016DF1A /* FirebaseInAppMessaging-Beta */ = {
			isa = XCSwiftPackageProductDependency;
			package = AE9DD0E62B2264B70016DF1A /* XCRemoteSwiftPackageReference "firebase-ios-sdk" */;
			productName = "FirebaseInAppMessaging-Beta";
		};
		AE9DD10B2B2264B70016DF1A /* FirebaseInAppMessagingSwift-Beta */ = {
			isa = XCSwiftPackageProductDependency;
			package = AE9DD0E62B2264B70016DF1A /* XCRemoteSwiftPackageReference "firebase-ios-sdk" */;
			productName = "FirebaseInAppMessagingSwift-Beta";
		};
		AE9DD10D2B2264B70016DF1A /* FirebaseInstallations */ = {
			isa = XCSwiftPackageProductDependency;
			package = AE9DD0E62B2264B70016DF1A /* XCRemoteSwiftPackageReference "firebase-ios-sdk" */;
			productName = FirebaseInstallations;
		};
		AE9DD10F2B2264B70016DF1A /* FirebaseMLModelDownloader */ = {
			isa = XCSwiftPackageProductDependency;
			package = AE9DD0E62B2264B70016DF1A /* XCRemoteSwiftPackageReference "firebase-ios-sdk" */;
			productName = FirebaseMLModelDownloader;
		};
		AE9DD1112B2264B80016DF1A /* FirebaseMessaging */ = {
			isa = XCSwiftPackageProductDependency;
			package = AE9DD0E62B2264B70016DF1A /* XCRemoteSwiftPackageReference "firebase-ios-sdk" */;
			productName = FirebaseMessaging;
		};
		AE9DD1132B2264B80016DF1A /* FirebasePerformance */ = {
			isa = XCSwiftPackageProductDependency;
			package = AE9DD0E62B2264B70016DF1A /* XCRemoteSwiftPackageReference "firebase-ios-sdk" */;
			productName = FirebasePerformance;
		};
		AE9DD1152B2264B80016DF1A /* FirebaseRemoteConfig */ = {
			isa = XCSwiftPackageProductDependency;
			package = AE9DD0E62B2264B70016DF1A /* XCRemoteSwiftPackageReference "firebase-ios-sdk" */;
			productName = FirebaseRemoteConfig;
		};
		AE9DD1172B2264B80016DF1A /* FirebaseRemoteConfigSwift */ = {
			isa = XCSwiftPackageProductDependency;
			package = AE9DD0E62B2264B70016DF1A /* XCRemoteSwiftPackageReference "firebase-ios-sdk" */;
			productName = FirebaseRemoteConfigSwift;
		};
		AE9DD1192B2264B80016DF1A /* FirebaseStorage */ = {
			isa = XCSwiftPackageProductDependency;
			package = AE9DD0E62B2264B70016DF1A /* XCRemoteSwiftPackageReference "firebase-ios-sdk" */;
			productName = FirebaseStorage;
		};
		AE9DD11B2B2264B80016DF1A /* FirebaseStorageCombine-Community */ = {
			isa = XCSwiftPackageProductDependency;
			package = AE9DD0E62B2264B70016DF1A /* XCRemoteSwiftPackageReference "firebase-ios-sdk" */;
			productName = "FirebaseStorageCombine-Community";
		};
/* End XCSwiftPackageProductDependency section */
	};
	rootObject = AEBC8C612ADE2A87006EE685 /* Project object */;
}
